<?xml version="1.0" encoding="UTF-8" standalone="yes" ?>
<CodeBlocks_project_file>
	<FileVersion major="1" minor="6" />
	<Project>
		<Option title="libpmc" />
		<Option pch_mode="2" />
		<Option compiler="gcc" />
		<Build>
			<Target title="Debug">
				<Option output="pmc" prefix_auto="1" extension_auto="1" />
				<Option object_output="." />
				<Option type="1" />
				<Option compiler="gcc" />
			</Target>
		</Build>
		<Compiler>
			<Add option="-Wall" />
			<Add option="-g" />
			<Add option="-std=c++11" />
		</Compiler>
		<Unit filename="bin.cpp" />
		<Unit filename="cfg.cpp" />
		<Unit filename="msg.cpp" />
		<Unit filename="pmc.cpp" />
		<Unit filename="pmc_dump.cpp" />
		<Unit filename="proc.cpp" />
		<Unit filename="ptp.cpp" />
		<Unit filename="sock.cpp" />
		<Unit filename="bin.h" />
		<Unit filename="cfg.h" />
		<Unit filename="end.h" />
		<Unit filename="mngIds.h" />
		<Unit filename="msg.h" />
		<Unit filename="proc.h" />
		<Unit filename="ptp.h" />
		<Unit filename="sock.h" />
		<Extensions>
			<envvars />
			<code_completion />
			<debugger />
			<lib_finder disable_auto="1" />
		</Extensions>
	</Project>
</CodeBlocks_project_file>
